
Microsoft Visual Studio Solution File, Format Version 12.00
# Visual Studio Version 16
VisualStudioVersion = 25.0.1706.9
MinimumVisualStudioVersion = 10.0.40219.1
Project("{FAE04EC0-301F-11D3-BF4B-00C04F79EFBC}") = "ChatGpt", "ChatGpt\ChatGpt.csproj", "{EDC0C914-AC57-4C71-94DF-125C8EC9BB87}"
EndProject
Global
	GlobalSection(SolutionConfigurationPlatforms) = preSolution
		Debug|Any CPU = Debug|Any CPU
		Release|Any CPU = Release|Any CPU
	EndGlobalSection
	GlobalSection(ProjectConfigurationPlatforms) = postSolution
		{EDC0C914-AC57-4C71-94DF-125C8EC9BB87}.Debug|Any CPU.ActiveCfg = Debug|Any CPU
		{EDC0C914-AC57-4C71-94DF-125C8EC9BB87}.Debug|Any CPU.Build.0 = Debug|Any CPU
		{EDC0C914-AC57-4C71-94DF-125C8EC9BB87}.Release|Any CPU.ActiveCfg = Release|Any CPU
		{EDC0C914-AC57-4C71-94DF-125C8EC9BB87}.Release|Any CPU.Build.0 = Release|Any CPU
	EndGlobalSection
	GlobalSection(SolutionProperties) = preSolution
		HideSolutionNode = FALSE
	EndGlobalSection
	GlobalSection(ExtensibilityGlobals) = postSolution
		SolutionGuid = {2F21AFCA-6FF5-4A8C-9B4B-7E28D3A3010E}
	EndGlobalSection
EndGlobal
